
Microsoft Visual Studio Solution File, Format Version 12.00
# Visual Studio Version 16
VisualStudioVersion = 16.0.31129.286
MinimumVisualStudioVersion = 10.0.40219.1
Project("{FAE04EC0-301F-11D3-BF4B-00C04F79EFBC}") = "MathApp", "MathApp\MathApp.csproj", "{106619A9-666A-4628-AA97-F474B9145255}"
EndProject
Project("{2150E333-8FDC-42A3-9474-1A3956D46DE8}") = "SolutionsItems", "SolutionsItems", "{98DB54FC-0E69-4D33-9B48-50012FE6E118}"
	ProjectSection(SolutionItems) = preProject
		MathApp\media\AppIcon.ico = MathApp\media\AppIcon.ico
	EndProjectSection
EndProject
Global
	GlobalSection(SolutionConfigurationPlatforms) = preSolution
		Debug|Any CPU = Debug|Any CPU
		Release|Any CPU = Release|Any CPU
	EndGlobalSection
	GlobalSection(ProjectConfigurationPlatforms) = postSolution
		{106619A9-666A-4628-AA97-F474B9145255}.Debug|Any CPU.ActiveCfg = Debug|Any CPU
		{106619A9-666A-4628-AA97-F474B9145255}.Debug|Any CPU.Build.0 = Debug|Any CPU
		{106619A9-666A-4628-AA97-F474B9145255}.Release|Any CPU.ActiveCfg = Release|Any CPU
		{106619A9-666A-4628-AA97-F474B9145255}.Release|Any CPU.Build.0 = Release|Any CPU
	EndGlobalSection
	GlobalSection(SolutionProperties) = preSolution
		HideSolutionNode = FALSE
	EndGlobalSection
	GlobalSection(ExtensibilityGlobals) = postSolution
		SolutionGuid = {ED6F15A9-F5D4-44AE-9663-02484CDA3C77}
	EndGlobalSection
EndGlobal
